// !$*UTF8*$!
{
	archiveVersion = 1;
	classes = {
	};
	objectVersion = 46;
	objects = {

/* Begin PBXBuildFile section */
		4F8FAEFC191331AE00D656EA /* Hypno.png in Resources */ = {isa = PBXBuildFile; fileRef = 4F8FAEFA191331AE00D656EA /* Hypno.png */; };
		4F8FAEFD191331AE00D656EA /* Hypno@2x.png in Resources */ = {isa = PBXBuildFile; fileRef = 4F8FAEFB191331AE00D656EA /* Hypno@2x.png */; };
		4F8FAF00191331B700D656EA /* Time.png in Resources */ = {isa = PBXBuildFile; fileRef = 4F8FAEFE191331B700D656EA /* Time.png */; };
		4F8FAF01191331B700D656EA /* Time@2x.png in Resources */ = {isa = PBXBuildFile; fileRef = 4F8FAEFF191331B700D656EA /* Time@2x.png */; };
		4F92C7DE1910E97E00EFAFE0 /* Foundation.framework in Frameworks */ = {isa = PBXBuildFile; fileRef = 4F92C7DD1910E97E00EFAFE0 /* Foundation.framework */; };
		4F92C7E01910E97E00EFAFE0 /* CoreGraphics.framework in Frameworks */ = {isa = PBXBuildFile; fileRef = 4F92C7DF1910E97E00EFAFE0 /* CoreGraphics.framework */; };
		4F92C7E21910E97E00EFAFE0 /* UIKit.framework in Frameworks */ = {isa = PBXBuildFile; fileRef = 4F92C7E11910E97E00EFAFE0 /* UIKit.framework */; };
		4F92C7E81910E97E00EFAFE0 /* InfoPlist.strings in Resources */ = {isa = PBXBuildFile; fileRef = 4F92C7E61910E97E00EFAFE0 /* InfoPlist.strings */; };
		4F92C7EA1910E97E00EFAFE0 /* main.m in Sources */ = {isa = PBXBuildFile; fileRef = 4F92C7E91910E97E00EFAFE0 /* main.m */; };
		4F92C7EE1910E97E00EFAFE0 /* BNRAppDelegate.m in Sources */ = {isa = PBXBuildFile; fileRef = 4F92C7ED1910E97E00EFAFE0 /* BNRAppDelegate.m */; };
		4F92C7F01910E97E00EFAFE0 /* Images.xcassets in Resources */ = {isa = PBXBuildFile; fileRef = 4F92C7EF1910E97E00EFAFE0 /* Images.xcassets */; };
		4F92C7F71910E97E00EFAFE0 /* XCTest.framework in Frameworks */ = {isa = PBXBuildFile; fileRef = 4F92C7F61910E97E00EFAFE0 /* XCTest.framework */; };
		4F92C7F81910E97E00EFAFE0 /* Foundation.framework in Frameworks */ = {isa = PBXBuildFile; fileRef = 4F92C7DD1910E97E00EFAFE0 /* Foundation.framework */; };
		4F92C7F91910E97E00EFAFE0 /* UIKit.framework in Frameworks */ = {isa = PBXBuildFile; fileRef = 4F92C7E11910E97E00EFAFE0 /* UIKit.framework */; };
		4F92C8011910E97E00EFAFE0 /* InfoPlist.strings in Resources */ = {isa = PBXBuildFile; fileRef = 4F92C7FF1910E97E00EFAFE0 /* InfoPlist.strings */; };
		4F92C8031910E97E00EFAFE0 /* HypnoNerdTests.m in Sources */ = {isa = PBXBuildFile; fileRef = 4F92C8021910E97E00EFAFE0 /* HypnoNerdTests.m */; };
		4F92C80E1910E9B900EFAFE0 /* BNRHypnosisView.m in Sources */ = {isa = PBXBuildFile; fileRef = 4F92C80D1910E9B900EFAFE0 /* BNRHypnosisView.m */; };
		4F92C8111910E9FF00EFAFE0 /* BNRHypnosisViewController.m in Sources */ = {isa = PBXBuildFile; fileRef = 4F92C8101910E9FF00EFAFE0 /* BNRHypnosisViewController.m */; };
		4F92C8161910EE1E00EFAFE0 /* BNRReminderViewController.xib in Resources */ = {isa = PBXBuildFile; fileRef = 4F92C8151910EE1E00EFAFE0 /* BNRReminderViewController.xib */; };
		4F92C8191910F2AB00EFAFE0 /* BNRReminderViewController.m in Sources */ = {isa = PBXBuildFile; fileRef = 4F92C8181910F2AB00EFAFE0 /* BNRReminderViewController.m */; };
/* End PBXBuildFile section */

/* Begin PBXContainerItemProxy section */
		4F92C7FA1910E97E00EFAFE0 /* PBXContainerItemProxy */ = {
			isa = PBXContainerItemProxy;
			containerPortal = 4F92C7D21910E97D00EFAFE0 /* Project object */;
			proxyType = 1;
			remoteGlobalIDString = 4F92C7D91910E97E00EFAFE0;
			remoteInfo = HypnoNerd;
		};
/* End PBXContainerItemProxy section */

/* Begin PBXFileReference section */
		4F8FAEFA191331AE00D656EA /* Hypno.png */ = {isa = PBXFileReference; lastKnownFileType = image.png; path = Hypno.png; sourceTree = "<group>"; };
		4F8FAEFB191331AE00D656EA /* Hypno@2x.png */ = {isa = PBXFileReference; lastKnownFileType = image.png; path = "Hypno@2x.png"; sourceTree = "<group>"; };
		4F8FAEFE191331B700D656EA /* Time.png */ = {isa = PBXFileReference; lastKnownFileType = image.png; path = Time.png; sourceTree = "<group>"; };
		4F8FAEFF191331B700D656EA /* Time@2x.png */ = {isa = PBXFileReference; lastKnownFileType = image.png; path = "Time@2x.png"; sourceTree = "<group>"; };
		4F92C7DA1910E97E00EFAFE0 /* HypnoNerd.app */ = {isa = PBXFileReference; explicitFileType = wrapper.application; includeInIndex = 0; path = HypnoNerd.app; sourceTree = BUILT_PRODUCTS_DIR; };
		4F92C7DD1910E97E00EFAFE0 /* Foundation.framework */ = {isa = PBXFileReference; lastKnownFileType = wrapper.framework; name = Foundation.framework; path = System/Library/Frameworks/Foundation.framework; sourceTree = SDKROOT; };
		4F92C7DF1910E97E00EFAFE0 /* CoreGraphics.framework */ = {isa = PBXFileReference; lastKnownFileType = wrapper.framework; name = CoreGraphics.framework; path = System/Library/Frameworks/CoreGraphics.framework; sourceTree = SDKROOT; };
		4F92C7E11910E97E00EFAFE0 /* UIKit.framework */ = {isa = PBXFileReference; lastKnownFileType = wrapper.framework; name = UIKit.framework; path = System/Library/Frameworks/UIKit.framework; sourceTree = SDKROOT; };
		4F92C7E51910E97E00EFAFE0 /* HypnoNerd-Info.plist */ = {isa = PBXFileReference; lastKnownFileType = text.plist.xml; path = "HypnoNerd-Info.plist"; sourceTree = "<group>"; };
		4F92C7E71910E97E00EFAFE0 /* en */ = {isa = PBXFileReference; lastKnownFileType = text.plist.strings; name = en; path = en.lproj/InfoPlist.strings; sourceTree = "<group>"; };
		4F92C7E91910E97E00EFAFE0 /* main.m */ = {isa = PBXFileReference; lastKnownFileType = sourcecode.c.objc; path = main.m; sourceTree = "<group>"; };
		4F92C7EB1910E97E00EFAFE0 /* HypnoNerd-Prefix.pch */ = {isa = PBXFileReference; lastKnownFileType = sourcecode.c.h; path = "HypnoNerd-Prefix.pch"; sourceTree = "<group>"; };
		4F92C7EC1910E97E00EFAFE0 /* BNRAppDelegate.h */ = {isa = PBXFileReference; lastKnownFileType = sourcecode.c.h; path = BNRAppDelegate.h; sourceTree = "<group>"; };
		4F92C7ED1910E97E00EFAFE0 /* BNRAppDelegate.m */ = {isa = PBXFileReference; lastKnownFileType = sourcecode.c.objc; path = BNRAppDelegate.m; sourceTree = "<group>"; };
		4F92C7EF1910E97E00EFAFE0 /* Images.xcassets */ = {isa = PBXFileReference; lastKnownFileType = folder.assetcatalog; path = Images.xcassets; sourceTree = "<group>"; };
		4F92C7F51910E97E00EFAFE0 /* HypnoNerdTests.xctest */ = {isa = PBXFileReference; explicitFileType = wrapper.cfbundle; includeInIndex = 0; path = HypnoNerdTests.xctest; sourceTree = BUILT_PRODUCTS_DIR; };
		4F92C7F61910E97E00EFAFE0 /* XCTest.framework */ = {isa = PBXFileReference; lastKnownFileType = wrapper.framework; name = XCTest.framework; path = Library/Frameworks/XCTest.framework; sourceTree = DEVELOPER_DIR; };
		4F92C7FE1910E97E00EFAFE0 /* HypnoNerdTests-Info.plist */ = {isa = PBXFileReference; lastKnownFileType = text.plist.xml; path = "HypnoNerdTests-Info.plist"; sourceTree = "<group>"; };
		4F92C8001910E97E00EFAFE0 /* en */ = {isa = PBXFileReference; lastKnownFileType = text.plist.strings; name = en; path = en.lproj/InfoPlist.strings; sourceTree = "<group>"; };
		4F92C8021910E97E00EFAFE0 /* HypnoNerdTests.m */ = {isa = PBXFileReference; lastKnownFileType = sourcecode.c.objc; path = HypnoNerdTests.m; sourceTree = "<group>"; };
		4F92C80C1910E9B900EFAFE0 /* BNRHypnosisView.h */ = {isa = PBXFileReference; fileEncoding = 4; lastKnownFileType = sourcecode.c.h; path = BNRHypnosisView.h; sourceTree = "<group>"; };
		4F92C80D1910E9B900EFAFE0 /* BNRHypnosisView.m */ = {isa = PBXFileReference; fileEncoding = 4; lastKnownFileType = sourcecode.c.objc; path = BNRHypnosisView.m; sourceTree = "<group>"; };
		4F92C80F1910E9FF00EFAFE0 /* BNRHypnosisViewController.h */ = {isa = PBXFileReference; fileEncoding = 4; lastKnownFileType = sourcecode.c.h; path = BNRHypnosisViewController.h; sourceTree = "<group>"; };
		4F92C8101910E9FF00EFAFE0 /* BNRHypnosisViewController.m */ = {isa = PBXFileReference; fileEncoding = 4; lastKnownFileType = sourcecode.c.objc; path = BNRHypnosisViewController.m; sourceTree = "<group>"; };
		4F92C8151910EE1E00EFAFE0 /* BNRReminderViewController.xib */ = {isa = PBXFileReference; fileEncoding = 4; lastKnownFileType = file.xib; path = BNRReminderViewController.xib; sourceTree = "<group>"; };
		4F92C8171910F2AB00EFAFE0 /* BNRReminderViewController.h */ = {isa = PBXFileReference; fileEncoding = 4; lastKnownFileType = sourcecode.c.h; path = BNRReminderViewController.h; sourceTree = "<group>"; };
		4F92C8181910F2AB00EFAFE0 /* BNRReminderViewController.m */ = {isa = PBXFileReference; fileEncoding = 4; lastKnownFileType = sourcecode.c.objc; path = BNRReminderViewController.m; sourceTree = "<group>"; };
/* End PBXFileReference section */

/* Begin PBXFrameworksBuildPhase section */
		4F92C7D71910E97E00EFAFE0 /* Frameworks */ = {
			isa = PBXFrameworksBuildPhase;
			buildActionMask = 2147483647;
			files = (
				4F92C7E01910E97E00EFAFE0 /* CoreGraphics.framework in Frameworks */,
				4F92C7E21910E97E00EFAFE0 /* UIKit.framework in Frameworks */,
				4F92C7DE1910E97E00EFAFE0 /* Foundation.framework in Frameworks */,
			);
			runOnlyForDeploymentPostprocessing = 0;
		};
		4F92C7F21910E97E00EFAFE0 /* Frameworks */ = {
			isa = PBXFrameworksBuildPhase;
			buildActionMask = 2147483647;
			files = (
				4F92C7F71910E97E00EFAFE0 /* XCTest.framework in Frameworks */,
				4F92C7F91910E97E00EFAFE0 /* UIKit.framework in Frameworks */,
				4F92C7F81910E97E00EFAFE0 /* Foundation.framework in Frameworks */,
			);
			runOnlyForDeploymentPostprocessing = 0;
		};
/* End PBXFrameworksBuildPhase section */

/* Begin PBXGroup section */
		4F92C7D11910E97D00EFAFE0 = {
			isa = PBXGroup;
			children = (
				4F92C7E31910E97E00EFAFE0 /* HypnoNerd */,
				4F92C7FC1910E97E00EFAFE0 /* HypnoNerdTests */,
				4F92C7DC1910E97E00EFAFE0 /* Frameworks */,
				4F92C7DB1910E97E00EFAFE0 /* Products */,
			);
			sourceTree = "<group>";
		};
		4F92C7DB1910E97E00EFAFE0 /* Products */ = {
			isa = PBXGroup;
			children = (
				4F92C7DA1910E97E00EFAFE0 /* HypnoNerd.app */,
				4F92C7F51910E97E00EFAFE0 /* HypnoNerdTests.xctest */,
			);
			name = Products;
			sourceTree = "<group>";
		};
		4F92C7DC1910E97E00EFAFE0 /* Frameworks */ = {
			isa = PBXGroup;
			children = (
				4F92C7DD1910E97E00EFAFE0 /* Foundation.framework */,
				4F92C7DF1910E97E00EFAFE0 /* CoreGraphics.framework */,
				4F92C7E11910E97E00EFAFE0 /* UIKit.framework */,
				4F92C7F61910E97E00EFAFE0 /* XCTest.framework */,
			);
			name = Frameworks;
			sourceTree = "<group>";
		};
		4F92C7E31910E97E00EFAFE0 /* HypnoNerd */ = {
			isa = PBXGroup;
			children = (
				4F92C7EC1910E97E00EFAFE0 /* BNRAppDelegate.h */,
				4F92C80C1910E9B900EFAFE0 /* BNRHypnosisView.h */,
				4F92C80F1910E9FF00EFAFE0 /* BNRHypnosisViewController.h */,
				4F92C8171910F2AB00EFAFE0 /* BNRReminderViewController.h */,
				4F92C8181910F2AB00EFAFE0 /* BNRReminderViewController.m */,
				4F92C8101910E9FF00EFAFE0 /* BNRHypnosisViewController.m */,
				4F92C80D1910E9B900EFAFE0 /* BNRHypnosisView.m */,
				4F92C7ED1910E97E00EFAFE0 /* BNRAppDelegate.m */,
				4F92C8151910EE1E00EFAFE0 /* BNRReminderViewController.xib */,
				4F92C7EF1910E97E00EFAFE0 /* Images.xcassets */,
				4F92C7E41910E97E00EFAFE0 /* Supporting Files */,
			);
			path = HypnoNerd;
			sourceTree = "<group>";
		};
		4F92C7E41910E97E00EFAFE0 /* Supporting Files */ = {
			isa = PBXGroup;
			children = (
				4F92C7E51910E97E00EFAFE0 /* HypnoNerd-Info.plist */,
				4F92C7E61910E97E00EFAFE0 /* InfoPlist.strings */,
				4F8FAEFA191331AE00D656EA /* Hypno.png */,
				4F8FAEFE191331B700D656EA /* Time.png */,
				4F8FAEFF191331B700D656EA /* Time@2x.png */,
				4F8FAEFB191331AE00D656EA /* Hypno@2x.png */,
				4F92C7E91910E97E00EFAFE0 /* main.m */,
				4F92C7EB1910E97E00EFAFE0 /* HypnoNerd-Prefix.pch */,
			);
			name = "Supporting Files";
			sourceTree = "<group>";
		};
		4F92C7FC1910E97E00EFAFE0 /* HypnoNerdTests */ = {
			isa = PBXGroup;
			children = (
				4F92C8021910E97E00EFAFE0 /* HypnoNerdTests.m */,
				4F92C7FD1910E97E00EFAFE0 /* Supporting Files */,
			);
			path = HypnoNerdTests;
			sourceTree = "<group>";
		};
		4F92C7FD1910E97E00EFAFE0 /* Supporting Files */ = {
			isa = PBXGroup;
			children = (
				4F92C7FE1910E97E00EFAFE0 /* HypnoNerdTests-Info.plist */,
				4F92C7FF1910E97E00EFAFE0 /* InfoPlist.strings */,
			);
			name = "Supporting Files";
			sourceTree = "<group>";
		};
/* End PBXGroup section */

/* Begin PBXNativeTarget section */
		4F92C7D91910E97E00EFAFE0 /* HypnoNerd */ = {
			isa = PBXNativeTarget;
			buildConfigurationList = 4F92C8061910E97E00EFAFE0 /* Build configuration list for PBXNativeTarget "HypnoNerd" */;
			buildPhases = (
				4F92C7D61910E97E00EFAFE0 /* Sources */,
				4F92C7D71910E97E00EFAFE0 /* Frameworks */,
				4F92C7D81910E97E00EFAFE0 /* Resources */,
			);
			buildRules = (
			);
			dependencies = (
			);
			name = HypnoNerd;
			productName = HypnoNerd;
			productReference = 4F92C7DA1910E97E00EFAFE0 /* HypnoNerd.app */;
			productType = "com.apple.product-type.application";
		};
		4F92C7F41910E97E00EFAFE0 /* HypnoNerdTests */ = {
			isa = PBXNativeTarget;
			buildConfigurationList = 4F92C8091910E97E00EFAFE0 /* Build configuration list for PBXNativeTarget "HypnoNerdTests" */;
			buildPhases = (
				4F92C7F11910E97E00EFAFE0 /* Sources */,
				4F92C7F21910E97E00EFAFE0 /* Frameworks */,
				4F92C7F31910E97E00EFAFE0 /* Resources */,
			);
			buildRules = (
			);
			dependencies = (
				4F92C7FB1910E97E00EFAFE0 /* PBXTargetDependency */,
			);
			name = HypnoNerdTests;
			productName = HypnoNerdTests;
			productReference = 4F92C7F51910E97E00EFAFE0 /* HypnoNerdTests.xctest */;
			productType = "com.apple.product-type.bundle.unit-test";
		};
/* End PBXNativeTarget section */

/* Begin PBXProject section */
		4F92C7D21910E97D00EFAFE0 /* Project object */ = {
			isa = PBXProject;
			attributes = {
				CLASSPREFIX = BNR;
				LastUpgradeCheck = 0500;
				ORGANIZATIONNAME = klab;
				TargetAttributes = {
					4F92C7F41910E97E00EFAFE0 = {
						TestTargetID = 4F92C7D91910E97E00EFAFE0;
					};
				};
			};
			buildConfigurationList = 4F92C7D51910E97D00EFAFE0 /* Build configuration list for PBXProject "HypnoNerd" */;
			compatibilityVersion = "Xcode 3.2";
			developmentRegion = English;
			hasScannedForEncodings = 0;
			knownRegions = (
				en,
			);
			mainGroup = 4F92C7D11910E97D00EFAFE0;
			productRefGroup = 4F92C7DB1910E97E00EFAFE0 /* Products */;
			projectDirPath = "";
			projectRoot = "";
			targets = (
				4F92C7D91910E97E00EFAFE0 /* HypnoNerd */,
				4F92C7F41910E97E00EFAFE0 /* HypnoNerdTests */,
			);
		};
/* End PBXProject section */

/* Begin PBXResourcesBuildPhase section */
		4F92C7D81910E97E00EFAFE0 /* Resources */ = {
			isa = PBXResourcesBuildPhase;
			buildActionMask = 2147483647;
			files = (
				4F8FAF01191331B700D656EA /* Time@2x.png in Resources */,
				4F8FAF00191331B700D656EA /* Time.png in Resources */,
				4F92C8161910EE1E00EFAFE0 /* BNRReminderViewController.xib in Resources */,
				4F92C7E81910E97E00EFAFE0 /* InfoPlist.strings in Resources */,
				4F8FAEFC191331AE00D656EA /* Hypno.png in Resources */,
				4F8FAEFD191331AE00D656EA /* Hypno@2x.png in Resources */,
				4F92C7F01910E97E00EFAFE0 /* Images.xcassets in Resources */,
			);
			runOnlyForDeploymentPostprocessing = 0;
		};
		4F92C7F31910E97E00EFAFE0 /* Resources */ = {
			isa = PBXResourcesBuildPhase;
			buildActionMask = 2147483647;
			files = (
				4F92C8011910E97E00EFAFE0 /* InfoPlist.strings in Resources */,
			);
			runOnlyForDeploymentPostprocessing = 0;
		};
/* End PBXResourcesBuildPhase section */

/* Begin PBXSourcesBuildPhase section */
		4F92C7D61910E97E00EFAFE0 /* Sources */ = {
			isa = PBXSourcesBuildPhase;
			buildActionMask = 2147483647;
			files = (
				4F92C8111910E9FF00EFAFE0 /* BNRHypnosisViewController.m in Sources */,
				4F92C7EA1910E97E00EFAFE0 /* main.m in Sources */,
				4F92C7EE1910E97E00EFAFE0 /* BNRAppDelegate.m in Sources */,
				4F92C8191910F2AB00EFAFE0 /* BNRReminderViewController.m in Sources */,
				4F92C80E1910E9B900EFAFE0 /* BNRHypnosisView.m in Sources */,
			);
			runOnlyForDeploymentPostprocessing = 0;
		};
		4F92C7F11910E97E00EFAFE0 /* Sources */ = {
			isa = PBXSourcesBuildPhase;
			buildActionMask = 2147483647;
			files = (
				4F92C8031910E97E00EFAFE0 /* HypnoNerdTests.m in Sources */,
			);
			runOnlyForDeploymentPostprocessing = 0;
		};
/* End PBXSourcesBuildPhase section */

/* Begin PBXTargetDependency section */
		4F92C7FB1910E97E00EFAFE0 /* PBXTargetDependency */ = {
			isa = PBXTargetDependency;
			target = 4F92C7D91910E97E00EFAFE0 /* HypnoNerd */;
			targetProxy = 4F92C7FA1910E97E00EFAFE0 /* PBXContainerItemProxy */;
		};
/* End PBXTargetDependency section */

/* Begin PBXVariantGroup section */
		4F92C7E61910E97E00EFAFE0 /* InfoPlist.strings */ = {
			isa = PBXVariantGroup;
			children = (
				4F92C7E71910E97E00EFAFE0 /* en */,
			);
			name = InfoPlist.strings;
			sourceTree = "<group>";
		};
		4F92C7FF1910E97E00EFAFE0 /* InfoPlist.strings */ = {
			isa = PBXVariantGroup;
			children = (
				4F92C8001910E97E00EFAFE0 /* en */,
			);
			name = InfoPlist.strings;
			sourceTree = "<group>";
		};
/* End PBXVariantGroup section */

/* Begin XCBuildConfiguration section */
		4F92C8041910E97E00EFAFE0 /* Debug */ = {
			isa = XCBuildConfiguration;
			buildSettings = {
				ALWAYS_SEARCH_USER_PATHS = NO;
				ARCHS = "$(ARCHS_STANDARD_INCLUDING_64_BIT)";
				CLANG_CXX_LANGUAGE_STANDARD = "gnu++0x";
				CLANG_CXX_LIBRARY = "libc++";
				CLANG_ENABLE_MODULES = YES;
				CLANG_ENABLE_OBJC_ARC = YES;
				CLANG_WARN_BOOL_CONVERSION = YES;
				CLANG_WARN_CONSTANT_CONVERSION = YES;
				CLANG_WARN_DIRECT_OBJC_ISA_USAGE = YES_ERROR;
				CLANG_WARN_EMPTY_BODY = YES;
				CLANG_WARN_ENUM_CONVERSION = YES;
				CLANG_WARN_INT_CONVERSION = YES;
				CLANG_WARN_OBJC_ROOT_CLASS = YES_ERROR;
				CLANG_WARN__DUPLICATE_METHOD_MATCH = YES;
				"CODE_SIGN_IDENTITY[sdk=iphoneos*]" = "iPhone Developer";
				COPY_PHASE_STRIP = NO;
				GCC_C_LANGUAGE_STANDARD = gnu99;
				GCC_DYNAMIC_NO_PIC = NO;
				GCC_OPTIMIZATION_LEVEL = 0;
				GCC_PREPROCESSOR_DEFINITIONS = (
					"DEBUG=1",
					"$(inherited)",
				);
				GCC_SYMBOLS_PRIVATE_EXTERN = NO;
				GCC_WARN_64_TO_32_BIT_CONVERSION = YES;
				GCC_WARN_ABOUT_RETURN_TYPE = YES_ERROR;
				GCC_WARN_UNDECLARED_SELECTOR = YES;
				GCC_WARN_UNINITIALIZED_AUTOS = YES;
				GCC_WARN_UNUSED_FUNCTION = YES;
				GCC_WARN_UNUSED_VARIABLE = YES;
				IPHONEOS_DEPLOYMENT_TARGET = 7.0;
				ONLY_ACTIVE_ARCH = YES;
				SDKROOT = iphoneos;
			};
			name = Debug;
		};
		4F92C8051910E97E00EFAFE0 /* Release */ = {
			isa = XCBuildConfiguration;
			buildSettings = {
				ALWAYS_SEARCH_USER_PATHS = NO;
				ARCHS = "$(ARCHS_STANDARD_INCLUDING_64_BIT)";
				CLANG_CXX_LANGUAGE_STANDARD = "gnu++0x";
				CLANG_CXX_LIBRARY = "libc++";
				CLANG_ENABLE_MODULES = YES;
				CLANG_ENABLE_OBJC_ARC = YES;
				CLANG_WARN_BOOL_CONVERSION = YES;
				CLANG_WARN_CONSTANT_CONVERSION = YES;
				CLANG_WARN_DIRECT_OBJC_ISA_USAGE = YES_ERROR;
				CLANG_WARN_EMPTY_BODY = YES;
				CLANG_WARN_ENUM_CONVERSION = YES;
				CLANG_WARN_INT_CONVERSION = YES;
				CLANG_WARN_OBJC_ROOT_CLASS = YES_ERROR;
				CLANG_WARN__DUPLICATE_METHOD_MATCH = YES;
				"CODE_SIGN_IDENTITY[sdk=iphoneos*]" = "iPhone Developer";
				COPY_PHASE_STRIP = YES;
				ENABLE_NS_ASSERTIONS = NO;
				GCC_C_LANGUAGE_STANDARD = gnu99;
				GCC_WARN_64_TO_32_BIT_CONVERSION = YES;
				GCC_WARN_ABOUT_RETURN_TYPE = YES_ERROR;
				GCC_WARN_UNDECLARED_SELECTOR = YES;
				GCC_WARN_UNINITIALIZED_AUTOS = YES;
				GCC_WARN_UNUSED_FUNCTION = YES;
				GCC_WARN_UNUSED_VARIABLE = YES;
				IPHONEOS_DEPLOYMENT_TARGET = 7.0;
				SDKROOT = iphoneos;
				VALIDATE_PRODUCT = YES;
			};
			name = Release;
		};
		4F92C8071910E97E00EFAFE0 /* Debug */ = {
			isa = XCBuildConfiguration;
			buildSettings = {
				ASSETCATALOG_COMPILER_APPICON_NAME = AppIcon;
				ASSETCATALOG_COMPILER_LAUNCHIMAGE_NAME = LaunchImage;
				GCC_PRECOMPILE_PREFIX_HEADER = YES;
				GCC_PREFIX_HEADER = "HypnoNerd/HypnoNerd-Prefix.pch";
				INFOPLIST_FILE = "HypnoNerd/HypnoNerd-Info.plist";
				PRODUCT_NAME = "$(TARGET_NAME)";
				WRAPPER_EXTENSION = app;
			};
			name = Debug;
		};
		4F92C8081910E97E00EFAFE0 /* Release */ = {
			isa = XCBuildConfiguration;
			buildSettings = {
				ASSETCATALOG_COMPILER_APPICON_NAME = AppIcon;
				ASSETCATALOG_COMPILER_LAUNCHIMAGE_NAME = LaunchImage;
				GCC_PRECOMPILE_PREFIX_HEADER = YES;
				GCC_PREFIX_HEADER = "HypnoNerd/HypnoNerd-Prefix.pch";
				INFOPLIST_FILE = "HypnoNerd/HypnoNerd-Info.plist";
				PRODUCT_NAME = "$(TARGET_NAME)";
				WRAPPER_EXTENSION = app;
			};
			name = Release;
		};
		4F92C80A1910E97E00EFAFE0 /* Debug */ = {
			isa = XCBuildConfiguration;
			buildSettings = {
				ARCHS = "$(ARCHS_STANDARD_INCLUDING_64_BIT)";
				BUNDLE_LOADER = "$(BUILT_PRODUCTS_DIR)/HypnoNerd.app/HypnoNerd";
				FRAMEWORK_SEARCH_PATHS = (
					"$(SDKROOT)/Developer/Library/Frameworks",
					"$(inherited)",
					"$(DEVELOPER_FRAMEWORKS_DIR)",
				);
				GCC_PRECOMPILE_PREFIX_HEADER = YES;
				GCC_PREFIX_HEADER = "HypnoNerd/HypnoNerd-Prefix.pch";
				GCC_PREPROCESSOR_DEFINITIONS = (
					"DEBUG=1",
					"$(inherited)",
				);
				INFOPLIST_FILE = "HypnoNerdTests/HypnoNerdTests-Info.plist";
				PRODUCT_NAME = "$(TARGET_NAME)";
				TEST_HOST = "$(BUNDLE_LOADER)";
				WRAPPER_EXTENSION = xctest;
			};
			name = Debug;
		};
		4F92C80B1910E97E00EFAFE0 /* Release */ = {
			isa = XCBuildConfiguration;
			buildSettings = {
				ARCHS = "$(ARCHS_STANDARD_INCLUDING_64_BIT)";
				BUNDLE_LOADER = "$(BUILT_PRODUCTS_DIR)/HypnoNerd.app/HypnoNerd";
				FRAMEWORK_SEARCH_PATHS = (
					"$(SDKROOT)/Developer/Library/Frameworks",
					"$(inherited)",
					"$(DEVELOPER_FRAMEWORKS_DIR)",
				);
				GCC_PRECOMPILE_PREFIX_HEADER = YES;
				GCC_PREFIX_HEADER = "HypnoNerd/HypnoNerd-Prefix.pch";
				INFOPLIST_FILE = "HypnoNerdTests/HypnoNerdTests-Info.plist";
				PRODUCT_NAME = "$(TARGET_NAME)";
				TEST_HOST = "$(BUNDLE_LOADER)";
				WRAPPER_EXTENSION = xctest;
			};
			name = Release;
		};
/* End XCBuildConfiguration section */

/* Begin XCConfigurationList section */
		4F92C7D51910E97D00EFAFE0 /* Build configuration list for PBXProject "HypnoNerd" */ = {
			isa = XCConfigurationList;
			buildConfigurations = (
				4F92C8041910E97E00EFAFE0 /* Debug */,
				4F92C8051910E97E00EFAFE0 /* Release */,
			);
			defaultConfigurationIsVisible = 0;
			defaultConfigurationName = Release;
		};
		4F92C8061910E97E00EFAFE0 /* Build configuration list for PBXNativeTarget "HypnoNerd" */ = {
			isa = XCConfigurationList;
			buildConfigurations = (
				4F92C8071910E97E00EFAFE0 /* Debug */,
				4F92C8081910E97E00EFAFE0 /* Release */,
			);
			defaultConfigurationIsVisible = 0;
			defaultConfigurationName = Release;
		};
		4F92C8091910E97E00EFAFE0 /* Build configuration list for PBXNativeTarget "HypnoNerdTests" */ = {
			isa = XCConfigurationList;
			buildConfigurations = (
				4F92C80A1910E97E00EFAFE0 /* Debug */,
				4F92C80B1910E97E00EFAFE0 /* Release */,
			);
			defaultConfigurationIsVisible = 0;
			defaultConfigurationName = Release;
		};
/* End XCConfigurationList section */
	};
	rootObject = 4F92C7D21910E97D00EFAFE0 /* Project object */;
}
